github.com/bytedance/sonic v1.9.1 h1:6We44z9NUVOi3WADQ6gf4SNMGEakM7t7DuksFXrsCU=
github.com/bytedance/sonic v1.9.1/go.mod h1:i736AoUSYt75HyZLoJW9ERYxcy6eIt7Kc6mJiJ8LED=
github.com/chenzhuoyu/base64x v0.0.0-20220415180025-1d1d27d100dd/go.mod h1:x3SGtCzmxmCNn2d8pEhI/R4JCCFPfaT7fBz/5Rshkc=
github.com/chenzhuoyu/base64x v0.0.0-20221115062448-fe3a3abad311 h1:qSGYq7yPo120Vc8Hdn120pZy4c/4DtOGAqwod5hK2w=
github.com/chenzhuoyu/base64x v0.0.0-20221115062448-fe3a3abad311/go.mod h1:b583jCggY9gE99b6G5LEC39Kl8agHN2Pb2VHS5CTwU=
github.com/gabriel-vasile/mimetype v1.4.2 h1:w5qFW6JKBz9QO4YTwxVrX3kXkV3+z+lKbiQ/QM2oQ=
github.com/gabriel-vasile/mimetype v1.4.2/go.mod h1:zApsH/mKG4w07erNFiQu0n5ePYma5aam+2Sw69LJ5E=
github.com/gin-contrib/sse v0.1.0 h1:Y/yl/+YNO8GZSvPCIst4V+wOEiQnWI270D7j7tMlzo=
github.com/gin-contrib/sse v0.1.0/go.mod h1:RKSo9UVH7IcupjFF0ZKSJzQ9UNxkqNc+SPjuu8XH0o=
github.com/gin-gonic/gin v1.9.1 h1:4idEAncQnU5cB7BeOkPV/Ax+xrL7v712DKyHZM5lqY=
github.com/gin-gonic/gin v1.9.1/go.mod h1:hPrL7YrpYKXt5YId3xCiK7/DwN/57RTESf3/j4rFMI=
github.com/go-playground/locales v0.14.1 h1:EWaQ/wswvQQstxE4CojMK3kAnMSXjforbpVNS9PRQw=
github.com/go-playground/locales v0.14.1/go.mod h1:hxrqLVvrK65+Rwrd5Fc1piqkX4tgbfIkPVUUqQJZ60=
github.com/go-playground/universal-translator v0.18.1 h1:Bcnm0ZwsGyWbxAxely3OE62oCR2dEZC2bhk0RPo7Q=
github.com/go-playground/universal-translator v0.18.1/go.mod h1:xO8axf9zzAO+AxitrQ0p9GFQnUTTr1Z5LL8k8weKA=
github.com/go-playground/validator/v10 v10.14.0 h1:vgvQWe3XCvy7DQHKwI7qJvzeLjVSEQvl5NcLqRQpVo=
github.com/go-playground/validator/v10 v10.14.0/go.mod h1:9iXMNT7sEkjXEzlulnO2LV9tPrpermanS0BQwwZQstM=
github.com/goccy/go-json v0.10.2 h1:CrxCmQqYDkv1z7lO7Wbh2HN5YwwV+YwLaqEm8l+rI=
github.com/goccy/go-json v0.10.2/go.mod h1:6MelG93GURQsLFEztDCsFw3efrmUDL1FdELsE3GpzI=
github.com/golang/protobuf v1.5.0/go.mod h1:FsONVRAS9T7sI+LIIZpB/aIKfsNzbqL/uc3fYcFZ9w=
github.com/google/go-cmp v0.5.5/go.mod h1:v8dTdLbMG2kIc/FSVjG5YLr7aqLxaO5OiNKtYaBE=
github.com/google/gofuzz v1.0.0/go.mod h1:dBl0BpW6vV/+mYPU4Po3pmUjxk6FQPldthwBIwwqubY=
github.com/json-iterator/go v1.1.12 h1:PV8peI4a0ysnczrg+LtxykD8LfKY9ML6u2jnxVfhiU=
github.com/json-iterator/go v1.1.12/go.mod h1:e30LSqwooZae/UwlEbR2852Gd8vFybj17W5in8qq90=
github.com/klauspost/cpuid/v2 v2.2.4 h1:RFba3+IZ7LjNZhCzewQc1KLs58ZO/3QB5zJ7zpOt/Q=
github.com/klauspost/cpuid/v2 v2.2.4/go.mod h1:RVVoqPh+5CHzwMmtVO9Gyva+QOaOkkT9d0/L7JIAKU=
github.com/leodido/go-urn v1.2.4 h1:XlAE/cm/ms7TE/VMVodusp8mHc3pZYfqMAlQUUtvow=
github.com/leodido/go-urn v1.2.4/go.mod h1:7ZrI8mTSeBij7agi11+THcBsG5nqrEZ74hPzpf+Xcg=
github.com/lib/pq v1.10.9 h1:YXG7RB+JIjhP29X+OtkiDnYaXQsRKxp7/JzMG4atJw=
github.com/lib/pq v1.10.9/go.mod h1:AlVN5x4E4xjYJ3MvM/Y/V6vLmpdJSnm6N7JNJX8xA8=
github.com/mattn/go-isatty v0.0.19 h1:JITubQfByMHmtRkPdCMK84/CEs/50fJFp3I2qZAa9U=
github.com/mattn/go-isatty v0.0.19/go.mod h1:W+V8PltTTMjeEstPo5l88y0mdgnuQrqnRKMswMYjtM=
github.com/modern-go/concurrent v0.0.0-20180228061459-e0a39a4cb421/go.mod h1:6dJC0mAP4ikYIbvyc7fijjWJddQ2lv3PjC3u7IleI=
github.com/modern-go/concurrent v0.0.0-20180306012644-bacd9c7ef1dd h1:TRLaZ9cD/w8PVh93nsPXa1VrQ6jlwL5oN8l14QlcNfJYAv3to4pBDpn9QX6lvqcNLLGSamtvhe4xjvDA5PiWQQ==
github.com/modern-go/concurrent v0.0.0-20180306012644-bacd9c7ef1dd/go.mod h1:6dJC0mAP4ikYIbvyc7fijjWJddQ2lv3PjC3u7IleI=
github.com/modern-go/reflect2 v1.0.2 h1:xBagoLtFs94CBntxluKeaWgTMpvLxC4ur3nMaC34Cc=
github.com/modern-go/reflect2 v1.0.2/go.mod h1:yWuevngMOJpCeKkxlvuVvW/rbbie5ZWezkt6b40EtVs=
github.com/pelletier/go-toml/v2 v2.0.8 h1:0ctb6s9mE31h0/lhu+J6OPmVP9BcohIAp02UCO1R88=
github.com/pelletier/go-toml/v2 v2.0.8/go.mod h1:vFvQlNfOlKXCMZ+Displacement==
github.com/protobuf-go/protobuf v1.26.0-rc.1/go.mod h1:jlhhOSvTdqQrCgXiKNeRoaSstc2XtiyempemY0c4ss=
github.com/ugorji/go v1.2.7/go.mod h1:nF9osbDWLy6bDVP+Eb2yCYOHLJiYAP5y7hH2P6QNY=
github.com/ugorji/go/codec v1.2.11 h1:BMaWp1Bb6dJkstpI0kNrLf3j0bRZo36OwciaPYxOriw=
github.com/ugorji/go/codec v1.2.11/go.mod h1:UNzYvV2e6rCvchf1sBXy4jyvewQvyQS2E73S2qP1KU=
golang.org/x/arch v0.3.0 h1:02VelkQFstKfMiyGTjlMIV1MCaraS33OdinujSI9/Y=
golang.org/x/arch v0.3.0/go.mod h1:5om86z9Hs0C8fYuLNOkbuPC+zHSpBp6AIvnMXlT5fY=
golang.org/x/crypto v0.9.0 h1:LF6fAI+16bEFDt25fLaLCC/L5+mCLspdRGSE8w6TA=
golang.org/x/crypto v0.9.0/go.mod h1:yrmDGqONDYtNj3tH8X9dzUun2m2lzPa9ngI6/RUPGC=
golang.org/x/net v0.10.0 h1:X2//UzNDwYmtjqxPCa3/8DCVM6i3aPC9mKLXoN538I=
golang.org/x/net v0.10.0/go.mod h1:0qNGK6F8kojsSfJkvQ9el0BwaxVbzjupBH4b1YCSOA=
golang.org/x/sys v0.8.0 h1:EBmGv8NaZBZTWvrbjNoafAtmwJC8PS5yiPin2rtQfs=
golang.org/x/sys v0.8.0/go.mod h1:PY5XlDGj0+V1FCq0o192FdxlVfuXG7bvEq7jnZtbj4=
golang.org/x/text v0.9.0 h1:2sjJmO8cDvYveuX97RDLsreL6Gqkk2p4PrxeausorQ=
golang.org/x/text v0.9.0/go.mod h1:e1OnstbJyHTd6l/qDA6lYILBhLMQ9c1ypQSoCvlMSk=
golang.org/x/xerrors v0.0.0-20191204190536-9bdfabe68543/go.mod h1:I/5z698sn9Ka8TeJc9MKroUUfqBBauWjQqLJ2OPfmY=
google.golang.org/protobuf v1.26.0-rc.1/go.mod h1:jlhhOSvTdqQrCgXiKNeRoaSstc2XtiyempemY0c4ss=
google.golang.org/protobuf v1.30.0 h1:kPPoIgf3TsEvrm0PFe15JQ+570QVxYzEvvHqChK+cM=
google.golang.org/protobuf v1.30.0/go.mod h1:HmwmrHmNNGiYtNrpC5VLSiPIKePuBwQW0ZfFQD+W3Y=
gopkg.in/check.v1 v0.0.0-20161208181325-20d25e280405/go.mod h1:Co6ibVJAznAaIkqp8huTwlPUstCWQ2c4zqdC1acjgA=
gopkg.in/yaml.v3 v3.0.1 h1:fxVm/GzulhFknWhAIlSEV+VyIlZrBAPWXpWebxvjMM=
gopkg.in/yaml.v3 v3.0.1/go.mod h1:K4uyk7z7BCEPmbH5l+gzLrkwgthfkgMWkxC12+sSEo=
